
Microsoft Visual Studio Solution File, Format Version 12.00
# Visual Studio Version 16
VisualStudioVersion = 16.0.31613.86
MinimumVisualStudioVersion = 10.0.40219.1
Project("{888888A0-9F3D-457C-B088-3A5042F75D52}") = "GeometryCalculator1", "GeometryCalculator1.pyproj", "{D797511A-F21E-45DC-A7D1-0B5791AA0C3D}"
EndProject
Global
	GlobalSection(SolutionConfigurationPlatforms) = preSolution
		Debug|Any CPU = Debug|Any CPU
		Release|Any CPU = Release|Any CPU
	EndGlobalSection
	GlobalSection(ProjectConfigurationPlatforms) = postSolution
		{D797511A-F21E-45DC-A7D1-0B5791AA0C3D}.Debug|Any CPU.ActiveCfg = Debug|Any CPU
		{D797511A-F21E-45DC-A7D1-0B5791AA0C3D}.Debug|Any CPU.Build.0 = Debug|Any CPU
		{D797511A-F21E-45DC-A7D1-0B5791AA0C3D}.Release|Any CPU.ActiveCfg = Release|Any CPU
		{D797511A-F21E-45DC-A7D1-0B5791AA0C3D}.Release|Any CPU.Build.0 = Release|Any CPU
	EndGlobalSection
	GlobalSection(SolutionProperties) = preSolution
		HideSolutionNode = FALSE
	EndGlobalSection
	GlobalSection(ExtensibilityGlobals) = postSolution
		SolutionGuid = {341981FB-F9EA-4398-ABC0-FE83BA469B09}
	EndGlobalSection
EndGlobal
